// !$*UTF8*$!
{
	archiveVersion = 1;
	classes = {
	};
	objectVersion = 50;
	objects = {

/* Begin PBXBuildFile section */
		60E87DD32533692600F7A80B /* AppDelegate.swift in Sources */ = {isa = PBXBuildFile; fileRef = 60E87DD22533692600F7A80B /* AppDelegate.swift */; };
		60E87DD52533692600F7A80B /* SceneDelegate.swift in Sources */ = {isa = PBXBuildFile; fileRef = 60E87DD42533692600F7A80B /* SceneDelegate.swift */; };
		60E87DD72533692600F7A80B /* ViewController.swift in Sources */ = {isa = PBXBuildFile; fileRef = 60E87DD62533692600F7A80B /* ViewController.swift */; };
		60E87DDA2533692600F7A80B /* Main.storyboard in Resources */ = {isa = PBXBuildFile; fileRef = 60E87DD82533692600F7A80B /* Main.storyboard */; };
		60E87DDC2533692900F7A80B /* Assets.xcassets in Resources */ = {isa = PBXBuildFile; fileRef = 60E87DDB2533692900F7A80B /* Assets.xcassets */; };
		60E87DDF2533692900F7A80B /* LaunchScreen.storyboard in Resources */ = {isa = PBXBuildFile; fileRef = 60E87DDD2533692900F7A80B /* LaunchScreen.storyboard */; };
		60E87DEA2533692A00F7A80B /* bgweatherTests.swift in Sources */ = {isa = PBXBuildFile; fileRef = 60E87DE92533692A00F7A80B /* bgweatherTests.swift */; };
		60E87DF525336D3000F7A80B /* Repositoy.swift in Sources */ = {isa = PBXBuildFile; fileRef = 60E87DF425336D3000F7A80B /* Repositoy.swift */; };
		60E87DF72533707800F7A80B /* Codable+SerializationDeserialization.swift in Sources */ = {isa = PBXBuildFile; fileRef = 60E87DF62533707800F7A80B /* Codable+SerializationDeserialization.swift */; };
		60E87DF9253374E000F7A80B /* Entities.swift in Sources */ = {isa = PBXBuildFile; fileRef = 60E87DF8253374E000F7A80B /* Entities.swift */; };
		60E87DFB25337E8600F7A80B /* MapVC.swift in Sources */ = {isa = PBXBuildFile; fileRef = 60E87DFA25337E8600F7A80B /* MapVC.swift */; };
		60E87DFD2533A6AF00F7A80B /* LocationPersistance.swift in Sources */ = {isa = PBXBuildFile; fileRef = 60E87DFC2533A6AF00F7A80B /* LocationPersistance.swift */; };
		60E87DFF25341AB500F7A80B /* SavedLocationsTVC.swift in Sources */ = {isa = PBXBuildFile; fileRef = 60E87DFE25341AB500F7A80B /* SavedLocationsTVC.swift */; };
		60E87E012534224900F7A80B /* MasterDetailSVC.swift in Sources */ = {isa = PBXBuildFile; fileRef = 60E87E002534224900F7A80B /* MasterDetailSVC.swift */; };
/* End PBXBuildFile section */

/* Begin PBXContainerItemProxy section */
		60E87DE62533692A00F7A80B /* PBXContainerItemProxy */ = {
			isa = PBXContainerItemProxy;
			containerPortal = 60E87DC72533692600F7A80B /* Project object */;
			proxyType = 1;
			remoteGlobalIDString = 60E87DCE2533692600F7A80B;
			remoteInfo = bgweather;
		};
/* End PBXContainerItemProxy section */

/* Begin PBXFileReference section */
		60E87DCF2533692600F7A80B /* bgweather.app */ = {isa = PBXFileReference; explicitFileType = wrapper.application; includeInIndex = 0; path = bgweather.app; sourceTree = BUILT_PRODUCTS_DIR; };
		60E87DD22533692600F7A80B /* AppDelegate.swift */ = {isa = PBXFileReference; lastKnownFileType = sourcecode.swift; path = AppDelegate.swift; sourceTree = "<group>"; };
		60E87DD42533692600F7A80B /* SceneDelegate.swift */ = {isa = PBXFileReference; lastKnownFileType = sourcecode.swift; path = SceneDelegate.swift; sourceTree = "<group>"; };
		60E87DD62533692600F7A80B /* ViewController.swift */ = {isa = PBXFileReference; lastKnownFileType = sourcecode.swift; path = ViewController.swift; sourceTree = "<group>"; };
		60E87DD92533692600F7A80B /* Base */ = {isa = PBXFileReference; lastKnownFileType = file.storyboard; name = Base; path = Base.lproj/Main.storyboard; sourceTree = "<group>"; };
		60E87DDB2533692900F7A80B /* Assets.xcassets */ = {isa = PBXFileReference; lastKnownFileType = folder.assetcatalog; path = Assets.xcassets; sourceTree = "<group>"; };
		60E87DDE2533692900F7A80B /* Base */ = {isa = PBXFileReference; lastKnownFileType = file.storyboard; name = Base; path = Base.lproj/LaunchScreen.storyboard; sourceTree = "<group>"; };
		60E87DE02533692900F7A80B /* Info.plist */ = {isa = PBXFileReference; lastKnownFileType = text.plist.xml; path = Info.plist; sourceTree = "<group>"; };
		60E87DE52533692A00F7A80B /* bgweatherTests.xctest */ = {isa = PBXFileReference; explicitFileType = wrapper.cfbundle; includeInIndex = 0; path = bgweatherTests.xctest; sourceTree = BUILT_PRODUCTS_DIR; };
		60E87DE92533692A00F7A80B /* bgweatherTests.swift */ = {isa = PBXFileReference; lastKnownFileType = sourcecode.swift; path = bgweatherTests.swift; sourceTree = "<group>"; };
		60E87DEB2533692A00F7A80B /* Info.plist */ = {isa = PBXFileReference; lastKnownFileType = text.plist.xml; path = Info.plist; sourceTree = "<group>"; };
		60E87DF425336D3000F7A80B /* Repositoy.swift */ = {isa = PBXFileReference; lastKnownFileType = sourcecode.swift; path = Repositoy.swift; sourceTree = "<group>"; };
		60E87DF62533707800F7A80B /* Codable+SerializationDeserialization.swift */ = {isa = PBXFileReference; fileEncoding = 4; lastKnownFileType = sourcecode.swift; path = "Codable+SerializationDeserialization.swift"; sourceTree = "<group>"; };
		60E87DF8253374E000F7A80B /* Entities.swift */ = {isa = PBXFileReference; lastKnownFileType = sourcecode.swift; path = Entities.swift; sourceTree = "<group>"; };
		60E87DFA25337E8600F7A80B /* MapVC.swift */ = {isa = PBXFileReference; lastKnownFileType = sourcecode.swift; path = MapVC.swift; sourceTree = "<group>"; };
		60E87DFC2533A6AF00F7A80B /* LocationPersistance.swift */ = {isa = PBXFileReference; lastKnownFileType = sourcecode.swift; path = LocationPersistance.swift; sourceTree = "<group>"; };
		60E87DFE25341AB500F7A80B /* SavedLocationsTVC.swift */ = {isa = PBXFileReference; lastKnownFileType = sourcecode.swift; path = SavedLocationsTVC.swift; sourceTree = "<group>"; };
		60E87E002534224900F7A80B /* MasterDetailSVC.swift */ = {isa = PBXFileReference; lastKnownFileType = sourcecode.swift; path = MasterDetailSVC.swift; sourceTree = "<group>"; };
/* End PBXFileReference section */

/* Begin PBXFrameworksBuildPhase section */
		60E87DCC2533692600F7A80B /* Frameworks */ = {
			isa = PBXFrameworksBuildPhase;
			buildActionMask = 2147483647;
			files = (
			);
			runOnlyForDeploymentPostprocessing = 0;
		};
		60E87DE22533692A00F7A80B /* Frameworks */ = {
			isa = PBXFrameworksBuildPhase;
			buildActionMask = 2147483647;
			files = (
			);
			runOnlyForDeploymentPostprocessing = 0;
		};
/* End PBXFrameworksBuildPhase section */

/* Begin PBXGroup section */
		60E87DC62533692600F7A80B = {
			isa = PBXGroup;
			children = (
				60E87DD12533692600F7A80B /* bgweather */,
				60E87DE82533692A00F7A80B /* bgweatherTests */,
				60E87DD02533692600F7A80B /* Products */,
			);
			sourceTree = "<group>";
		};
		60E87DD02533692600F7A80B /* Products */ = {
			isa = PBXGroup;
			children = (
				60E87DCF2533692600F7A80B /* bgweather.app */,
				60E87DE52533692A00F7A80B /* bgweatherTests.xctest */,
			);
			name = Products;
			sourceTree = "<group>";
		};
		60E87DD12533692600F7A80B /* bgweather */ = {
			isa = PBXGroup;
			children = (
				60E87DD22533692600F7A80B /* AppDelegate.swift */,
				60E87DD42533692600F7A80B /* SceneDelegate.swift */,
				60E87DD62533692600F7A80B /* ViewController.swift */,
				60E87DD82533692600F7A80B /* Main.storyboard */,
				60E87DDB2533692900F7A80B /* Assets.xcassets */,
				60E87DDD2533692900F7A80B /* LaunchScreen.storyboard */,
				60E87DE02533692900F7A80B /* Info.plist */,
				60E87DF425336D3000F7A80B /* Repositoy.swift */,
				60E87DF62533707800F7A80B /* Codable+SerializationDeserialization.swift */,
				60E87DF8253374E000F7A80B /* Entities.swift */,
				60E87DFA25337E8600F7A80B /* MapVC.swift */,
				60E87DFE25341AB500F7A80B /* SavedLocationsTVC.swift */,
				60E87DFC2533A6AF00F7A80B /* LocationPersistance.swift */,
				60E87E002534224900F7A80B /* MasterDetailSVC.swift */,
			);
			path = bgweather;
			sourceTree = "<group>";
		};
		60E87DE82533692A00F7A80B /* bgweatherTests */ = {
			isa = PBXGroup;
			children = (
				60E87DE92533692A00F7A80B /* bgweatherTests.swift */,
				60E87DEB2533692A00F7A80B /* Info.plist */,
			);
			path = bgweatherTests;
			sourceTree = "<group>";
		};
/* End PBXGroup section */

/* Begin PBXNativeTarget section */
		60E87DCE2533692600F7A80B /* bgweather */ = {
			isa = PBXNativeTarget;
			buildConfigurationList = 60E87DEE2533692A00F7A80B /* Build configuration list for PBXNativeTarget "bgweather" */;
			buildPhases = (
				60E87DCB2533692600F7A80B /* Sources */,
				60E87DCC2533692600F7A80B /* Frameworks */,
				60E87DCD2533692600F7A80B /* Resources */,
			);
			buildRules = (
			);
			dependencies = (
			);
			name = bgweather;
			productName = bgweather;
			productReference = 60E87DCF2533692600F7A80B /* bgweather.app */;
			productType = "com.apple.product-type.application";
		};
		60E87DE42533692A00F7A80B /* bgweatherTests */ = {
			isa = PBXNativeTarget;
			buildConfigurationList = 60E87DF12533692A00F7A80B /* Build configuration list for PBXNativeTarget "bgweatherTests" */;
			buildPhases = (
				60E87DE12533692A00F7A80B /* Sources */,
				60E87DE22533692A00F7A80B /* Frameworks */,
				60E87DE32533692A00F7A80B /* Resources */,
			);
			buildRules = (
			);
			dependencies = (
				60E87DE72533692A00F7A80B /* PBXTargetDependency */,
			);
			name = bgweatherTests;
			productName = bgweatherTests;
			productReference = 60E87DE52533692A00F7A80B /* bgweatherTests.xctest */;
			productType = "com.apple.product-type.bundle.unit-test";
		};
/* End PBXNativeTarget section */

/* Begin PBXProject section */
		60E87DC72533692600F7A80B /* Project object */ = {
			isa = PBXProject;
			attributes = {
				LastSwiftUpdateCheck = 1150;
				LastUpgradeCheck = 1150;
				ORGANIZATIONNAME = "Alejandro Agudelo";
				TargetAttributes = {
					60E87DCE2533692600F7A80B = {
						CreatedOnToolsVersion = 11.5;
					};
					60E87DE42533692A00F7A80B = {
						CreatedOnToolsVersion = 11.5;
						TestTargetID = 60E87DCE2533692600F7A80B;
					};
				};
			};
			buildConfigurationList = 60E87DCA2533692600F7A80B /* Build configuration list for PBXProject "bgweather" */;
			compatibilityVersion = "Xcode 9.3";
			developmentRegion = en;
			hasScannedForEncodings = 0;
			knownRegions = (
				en,
				Base,
			);
			mainGroup = 60E87DC62533692600F7A80B;
			productRefGroup = 60E87DD02533692600F7A80B /* Products */;
			projectDirPath = "";
			projectRoot = "";
			targets = (
				60E87DCE2533692600F7A80B /* bgweather */,
				60E87DE42533692A00F7A80B /* bgweatherTests */,
			);
		};
/* End PBXProject section */

/* Begin PBXResourcesBuildPhase section */
		60E87DCD2533692600F7A80B /* Resources */ = {
			isa = PBXResourcesBuildPhase;
			buildActionMask = 2147483647;
			files = (
				60E87DDF2533692900F7A80B /* LaunchScreen.storyboard in Resources */,
				60E87DDC2533692900F7A80B /* Assets.xcassets in Resources */,
				60E87DDA2533692600F7A80B /* Main.storyboard in Resources */,
			);
			runOnlyForDeploymentPostprocessing = 0;
		};
		60E87DE32533692A00F7A80B /* Resources */ = {
			isa = PBXResourcesBuildPhase;
			buildActionMask = 2147483647;
			files = (
			);
			runOnlyForDeploymentPostprocessing = 0;
		};
/* End PBXResourcesBuildPhase section */

/* Begin PBXSourcesBuildPhase section */
		60E87DCB2533692600F7A80B /* Sources */ = {
			isa = PBXSourcesBuildPhase;
			buildActionMask = 2147483647;
			files = (
				60E87DF9253374E000F7A80B /* Entities.swift in Sources */,
				60E87DF72533707800F7A80B /* Codable+SerializationDeserialization.swift in Sources */,
				60E87DF525336D3000F7A80B /* Repositoy.swift in Sources */,
				60E87DFF25341AB500F7A80B /* SavedLocationsTVC.swift in Sources */,
				60E87DD72533692600F7A80B /* ViewController.swift in Sources */,
				60E87DFB25337E8600F7A80B /* MapVC.swift in Sources */,
				60E87DD32533692600F7A80B /* AppDelegate.swift in Sources */,
				60E87DFD2533A6AF00F7A80B /* LocationPersistance.swift in Sources */,
				60E87DD52533692600F7A80B /* SceneDelegate.swift in Sources */,
				60E87E012534224900F7A80B /* MasterDetailSVC.swift in Sources */,
			);
			runOnlyForDeploymentPostprocessing = 0;
		};
		60E87DE12533692A00F7A80B /* Sources */ = {
			isa = PBXSourcesBuildPhase;
			buildActionMask = 2147483647;
			files = (
				60E87DEA2533692A00F7A80B /* bgweatherTests.swift in Sources */,
			);
			runOnlyForDeploymentPostprocessing = 0;
		};
/* End PBXSourcesBuildPhase section */

/* Begin PBXTargetDependency section */
		60E87DE72533692A00F7A80B /* PBXTargetDependency */ = {
			isa = PBXTargetDependency;
			target = 60E87DCE2533692600F7A80B /* bgweather */;
			targetProxy = 60E87DE62533692A00F7A80B /* PBXContainerItemProxy */;
		};
/* End PBXTargetDependency section */

/* Begin PBXVariantGroup section */
		60E87DD82533692600F7A80B /* Main.storyboard */ = {
			isa = PBXVariantGroup;
			children = (
				60E87DD92533692600F7A80B /* Base */,
			);
			name = Main.storyboard;
			sourceTree = "<group>";
		};
		60E87DDD2533692900F7A80B /* LaunchScreen.storyboard */ = {
			isa = PBXVariantGroup;
			children = (
				60E87DDE2533692900F7A80B /* Base */,
			);
			name = LaunchScreen.storyboard;
			sourceTree = "<group>";
		};
/* End PBXVariantGroup section */

/* Begin XCBuildConfiguration section */
		60E87DEC2533692A00F7A80B /* Debug */ = {
			isa = XCBuildConfiguration;
			buildSettings = {
				ALWAYS_SEARCH_USER_PATHS = NO;
				CLANG_ANALYZER_NONNULL = YES;
				CLANG_ANALYZER_NUMBER_OBJECT_CONVERSION = YES_AGGRESSIVE;
				CLANG_CXX_LANGUAGE_STANDARD = "gnu++14";
				CLANG_CXX_LIBRARY = "libc++";
				CLANG_ENABLE_MODULES = YES;
				CLANG_ENABLE_OBJC_ARC = YES;
				CLANG_ENABLE_OBJC_WEAK = YES;
				CLANG_WARN_BLOCK_CAPTURE_AUTORELEASING = YES;
				CLANG_WARN_BOOL_CONVERSION = YES;
				CLANG_WARN_COMMA = YES;
				CLANG_WARN_CONSTANT_CONVERSION = YES;
				CLANG_WARN_DEPRECATED_OBJC_IMPLEMENTATIONS = YES;
				CLANG_WARN_DIRECT_OBJC_ISA_USAGE = YES_ERROR;
				CLANG_WARN_DOCUMENTATION_COMMENTS = YES;
				CLANG_WARN_EMPTY_BODY = YES;
				CLANG_WARN_ENUM_CONVERSION = YES;
				CLANG_WARN_INFINITE_RECURSION = YES;
				CLANG_WARN_INT_CONVERSION = YES;
				CLANG_WARN_NON_LITERAL_NULL_CONVERSION = YES;
				CLANG_WARN_OBJC_IMPLICIT_RETAIN_SELF = YES;
				CLANG_WARN_OBJC_LITERAL_CONVERSION = YES;
				CLANG_WARN_OBJC_ROOT_CLASS = YES_ERROR;
				CLANG_WARN_RANGE_LOOP_ANALYSIS = YES;
				CLANG_WARN_STRICT_PROTOTYPES = YES;
				CLANG_WARN_SUSPICIOUS_MOVE = YES;
				CLANG_WARN_UNGUARDED_AVAILABILITY = YES_AGGRESSIVE;
				CLANG_WARN_UNREACHABLE_CODE = YES;
				CLANG_WARN__DUPLICATE_METHOD_MATCH = YES;
				COPY_PHASE_STRIP = NO;
				DEBUG_INFORMATION_FORMAT = dwarf;
				ENABLE_STRICT_OBJC_MSGSEND = YES;
				ENABLE_TESTABILITY = YES;
				GCC_C_LANGUAGE_STANDARD = gnu11;
				GCC_DYNAMIC_NO_PIC = NO;
				GCC_NO_COMMON_BLOCKS = YES;
				GCC_OPTIMIZATION_LEVEL = 0;
				GCC_PREPROCESSOR_DEFINITIONS = (
					"DEBUG=1",
					"$(inherited)",
				);
				GCC_WARN_64_TO_32_BIT_CONVERSION = YES;
				GCC_WARN_ABOUT_RETURN_TYPE = YES_ERROR;
				GCC_WARN_UNDECLARED_SELECTOR = YES;
				GCC_WARN_UNINITIALIZED_AUTOS = YES_AGGRESSIVE;
				GCC_WARN_UNUSED_FUNCTION = YES;
				GCC_WARN_UNUSED_VARIABLE = YES;
				IPHONEOS_DEPLOYMENT_TARGET = 13.5;
				MTL_ENABLE_DEBUG_INFO = INCLUDE_SOURCE;
				MTL_FAST_MATH = YES;
				ONLY_ACTIVE_ARCH = YES;
				SDKROOT = iphoneos;
				SWIFT_ACTIVE_COMPILATION_CONDITIONS = DEBUG;
				SWIFT_OPTIMIZATION_LEVEL = "-Onone";
			};
			name = Debug;
		};
		60E87DED2533692A00F7A80B /* Release */ = {
			isa = XCBuildConfiguration;
			buildSettings = {
				ALWAYS_SEARCH_USER_PATHS = NO;
				CLANG_ANALYZER_NONNULL = YES;
				CLANG_ANALYZER_NUMBER_OBJECT_CONVERSION = YES_AGGRESSIVE;
				CLANG_CXX_LANGUAGE_STANDARD = "gnu++14";
				CLANG_CXX_LIBRARY = "libc++";
				CLANG_ENABLE_MODULES = YES;
				CLANG_ENABLE_OBJC_ARC = YES;
				CLANG_ENABLE_OBJC_WEAK = YES;
				CLANG_WARN_BLOCK_CAPTURE_AUTORELEASING = YES;
				CLANG_WARN_BOOL_CONVERSION = YES;
				CLANG_WARN_COMMA = YES;
				CLANG_WARN_CONSTANT_CONVERSION = YES;
				CLANG_WARN_DEPRECATED_OBJC_IMPLEMENTATIONS = YES;
				CLANG_WARN_DIRECT_OBJC_ISA_USAGE = YES_ERROR;
				CLANG_WARN_DOCUMENTATION_COMMENTS = YES;
				CLANG_WARN_EMPTY_BODY = YES;
				CLANG_WARN_ENUM_CONVERSION = YES;
				CLANG_WARN_INFINITE_RECURSION = YES;
				CLANG_WARN_INT_CONVERSION = YES;
				CLANG_WARN_NON_LITERAL_NULL_CONVERSION = YES;
				CLANG_WARN_OBJC_IMPLICIT_RETAIN_SELF = YES;
				CLANG_WARN_OBJC_LITERAL_CONVERSION = YES;
				CLANG_WARN_OBJC_ROOT_CLASS = YES_ERROR;
				CLANG_WARN_RANGE_LOOP_ANALYSIS = YES;
				CLANG_WARN_STRICT_PROTOTYPES = YES;
				CLANG_WARN_SUSPICIOUS_MOVE = YES;
				CLANG_WARN_UNGUARDED_AVAILABILITY = YES_AGGRESSIVE;
				CLANG_WARN_UNREACHABLE_CODE = YES;
				CLANG_WARN__DUPLICATE_METHOD_MATCH = YES;
				COPY_PHASE_STRIP = NO;
				DEBUG_INFORMATION_FORMAT = "dwarf-with-dsym";
				ENABLE_NS_ASSERTIONS = NO;
				ENABLE_STRICT_OBJC_MSGSEND = YES;
				GCC_C_LANGUAGE_STANDARD = gnu11;
				GCC_NO_COMMON_BLOCKS = YES;
				GCC_WARN_64_TO_32_BIT_CONVERSION = YES;
				GCC_WARN_ABOUT_RETURN_TYPE = YES_ERROR;
				GCC_WARN_UNDECLARED_SELECTOR = YES;
				GCC_WARN_UNINITIALIZED_AUTOS = YES_AGGRESSIVE;
				GCC_WARN_UNUSED_FUNCTION = YES;
				GCC_WARN_UNUSED_VARIABLE = YES;
				IPHONEOS_DEPLOYMENT_TARGET = 13.5;
				MTL_ENABLE_DEBUG_INFO = NO;
				MTL_FAST_MATH = YES;
				SDKROOT = iphoneos;
				SWIFT_COMPILATION_MODE = wholemodule;
				SWIFT_OPTIMIZATION_LEVEL = "-O";
				VALIDATE_PRODUCT = YES;
			};
			name = Release;
		};
		60E87DEF2533692A00F7A80B /* Debug */ = {
			isa = XCBuildConfiguration;
			buildSettings = {
				ASSETCATALOG_COMPILER_APPICON_NAME = AppIcon;
				CODE_SIGN_STYLE = Automatic;
				INFOPLIST_FILE = bgweather/Info.plist;
				LD_RUNPATH_SEARCH_PATHS = (
					"$(inherited)",
					"@executable_path/Frameworks",
				);
				PRODUCT_BUNDLE_IDENTIFIER = com.bringglobal.bgweather;
				PRODUCT_NAME = "$(TARGET_NAME)";
				SWIFT_VERSION = 5.0;
				TARGETED_DEVICE_FAMILY = "1,2";
			};
			name = Debug;
		};
		60E87DF02533692A00F7A80B /* Release */ = {
			isa = XCBuildConfiguration;
			buildSettings = {
				ASSETCATALOG_COMPILER_APPICON_NAME = AppIcon;
				CODE_SIGN_STYLE = Automatic;
				INFOPLIST_FILE = bgweather/Info.plist;
				LD_RUNPATH_SEARCH_PATHS = (
					"$(inherited)",
					"@executable_path/Frameworks",
				);
				PRODUCT_BUNDLE_IDENTIFIER = com.bringglobal.bgweather;
				PRODUCT_NAME = "$(TARGET_NAME)";
				SWIFT_VERSION = 5.0;
				TARGETED_DEVICE_FAMILY = "1,2";
			};
			name = Release;
		};
		60E87DF22533692A00F7A80B /* Debug */ = {
			isa = XCBuildConfiguration;
			buildSettings = {
				ALWAYS_EMBED_SWIFT_STANDARD_LIBRARIES = YES;
				BUNDLE_LOADER = "$(TEST_HOST)";
				CODE_SIGN_STYLE = Automatic;
				INFOPLIST_FILE = bgweatherTests/Info.plist;
				IPHONEOS_DEPLOYMENT_TARGET = 13.5;
				LD_RUNPATH_SEARCH_PATHS = (
					"$(inherited)",
					"@executable_path/Frameworks",
					"@loader_path/Frameworks",
				);
				PRODUCT_BUNDLE_IDENTIFIER = com.bringglobal.bgweatherTests;
				PRODUCT_NAME = "$(TARGET_NAME)";
				SWIFT_VERSION = 5.0;
				TARGETED_DEVICE_FAMILY = "1,2";
				TEST_HOST = "$(BUILT_PRODUCTS_DIR)/bgweather.app/bgweather";
			};
			name = Debug;
		};
		60E87DF32533692A00F7A80B /* Release */ = {
			isa = XCBuildConfiguration;
			buildSettings = {
				ALWAYS_EMBED_SWIFT_STANDARD_LIBRARIES = YES;
				BUNDLE_LOADER = "$(TEST_HOST)";
				CODE_SIGN_STYLE = Automatic;
				INFOPLIST_FILE = bgweatherTests/Info.plist;
				IPHONEOS_DEPLOYMENT_TARGET = 13.5;
				LD_RUNPATH_SEARCH_PATHS = (
					"$(inherited)",
					"@executable_path/Frameworks",
					"@loader_path/Frameworks",
				);
				PRODUCT_BUNDLE_IDENTIFIER = com.bringglobal.bgweatherTests;
				PRODUCT_NAME = "$(TARGET_NAME)";
				SWIFT_VERSION = 5.0;
				TARGETED_DEVICE_FAMILY = "1,2";
				TEST_HOST = "$(BUILT_PRODUCTS_DIR)/bgweather.app/bgweather";
			};
			name = Release;
		};
/* End XCBuildConfiguration section */

/* Begin XCConfigurationList section */
		60E87DCA2533692600F7A80B /* Build configuration list for PBXProject "bgweather" */ = {
			isa = XCConfigurationList;
			buildConfigurations = (
				60E87DEC2533692A00F7A80B /* Debug */,
				60E87DED2533692A00F7A80B /* Release */,
			);
			defaultConfigurationIsVisible = 0;
			defaultConfigurationName = Release;
		};
		60E87DEE2533692A00F7A80B /* Build configuration list for PBXNativeTarget "bgweather" */ = {
			isa = XCConfigurationList;
			buildConfigurations = (
				60E87DEF2533692A00F7A80B /* Debug */,
				60E87DF02533692A00F7A80B /* Release */,
			);
			defaultConfigurationIsVisible = 0;
			defaultConfigurationName = Release;
		};
		60E87DF12533692A00F7A80B /* Build configuration list for PBXNativeTarget "bgweatherTests" */ = {
			isa = XCConfigurationList;
			buildConfigurations = (
				60E87DF22533692A00F7A80B /* Debug */,
				60E87DF32533692A00F7A80B /* Release */,
			);
			defaultConfigurationIsVisible = 0;
			defaultConfigurationName = Release;
		};
/* End XCConfigurationList section */
	};
	rootObject = 60E87DC72533692600F7A80B /* Project object */;
}
